
Microsoft Visual Studio Solution File, Format Version 12.00
# Visual Studio Version 17
VisualStudioVersion = 17.3.32819.101
MinimumVisualStudioVersion = 10.0.40219.1
Project("{FAE04EC0-301F-11D3-BF4B-00C04F79EFBC}") = "Personal Project", "Personal Project\Personal Project.csproj", "{C650E364-076C-42D9-9EEA-40D277D5B108}"
EndProject
Global
	GlobalSection(SolutionConfigurationPlatforms) = preSolution
		Debug|Any CPU = Debug|Any CPU
		Release|Any CPU = Release|Any CPU
	EndGlobalSection
	GlobalSection(ProjectConfigurationPlatforms) = postSolution
		{C650E364-076C-42D9-9EEA-40D277D5B108}.Debug|Any CPU.ActiveCfg = Debug|Any CPU
		{C650E364-076C-42D9-9EEA-40D277D5B108}.Debug|Any CPU.Build.0 = Debug|Any CPU
		{C650E364-076C-42D9-9EEA-40D277D5B108}.Release|Any CPU.ActiveCfg = Release|Any CPU
		{C650E364-076C-42D9-9EEA-40D277D5B108}.Release|Any CPU.Build.0 = Release|Any CPU
	EndGlobalSection
	GlobalSection(SolutionProperties) = preSolution
		HideSolutionNode = FALSE
	EndGlobalSection
	GlobalSection(ExtensibilityGlobals) = postSolution
		SolutionGuid = {E38CC30A-C666-4FF0-B720-C59C05845833}
	EndGlobalSection
EndGlobal
